# This file is automatically @generated by Cargo.
# It is not intended for manual editing.
version = 4

[[package]]
name = "boxupgrade-model"
version = "0.1.0"
dependencies = [
 "md5",
]

[[package]]
name = "md5"
version = "0.7.0"
source = "registry+https://github.com/rust-lang/crates.io-index"
checksum = "490cc448043f947bae3cbee9c203358d62dbee0db12107a74be5c30ccfd09771"

[[patch.unused]]
name = "kcl-dynamicmodemanager-client"
version = "0.1.0"

[[patch.unused]]
name = "kcl-syscontrol-client"
version = "0.1.0"

[[patch.unused]]
name = "kcl-videoprocessing-client"
version = "0.1.0"

[[patch.unused]]
name = "page-engine"
version = "0.1.0"

[[patch.unused]]
name = "venus-plugin"
version = "0.1.0"

[[patch.unused]]
name = "venus-protocol"
version = "0.1.0"

[[patch.unused]]
name = "vp-vpmp2"
version = "0.1.0"

[[patch.unused]]
name = "vpmp-nucleus"
version = "0.1.0"

[[patch.unused]]
name = "vtx"
version = "0.1.0"

[[patch.unused]]
name = "pixelhue-client"
version = "0.1.0"
